// !$*UTF8*$!
{
	archiveVersion = 1;
	classes = {
	};
	objectVersion = 56;
	objects = {

/* Begin PBXBuildFile section */
		F90B2E252B7426A7009FA07D /* Mulish-VariableFont_wght.ttf in Resources */ = {isa = PBXBuildFile; fileRef = F90B2E232B7426A7009FA07D /* Mulish-VariableFont_wght.ttf */; };
		F90B2E262B7426A7009FA07D /* Mulish-Italic-VariableFont_wght.ttf in Resources */ = {isa = PBXBuildFile; fileRef = F90B2E242B7426A7009FA07D /* Mulish-Italic-VariableFont_wght.ttf */; };
		F90B2E372B7426C4009FA07D /* Mulish-Italic.ttf in Resources */ = {isa = PBXBuildFile; fileRef = F90B2E272B7426C4009FA07D /* Mulish-Italic.ttf */; };
		F90B2E382B7426C4009FA07D /* Mulish-SemiBold.ttf in Resources */ = {isa = PBXBuildFile; fileRef = F90B2E282B7426C4009FA07D /* Mulish-SemiBold.ttf */; };
		F90B2E392B7426C4009FA07D /* Mulish-SemiBoldItalic.ttf in Resources */ = {isa = PBXBuildFile; fileRef = F90B2E292B7426C4009FA07D /* Mulish-SemiBoldItalic.ttf */; };
		F90B2E3A2B7426C4009FA07D /* Mulish-BlackItalic.ttf in Resources */ = {isa = PBXBuildFile; fileRef = F90B2E2A2B7426C4009FA07D /* Mulish-BlackItalic.ttf */; };
		F90B2E3B2B7426C4009FA07D /* Mulish-ExtraLightItalic.ttf in Resources */ = {isa = PBXBuildFile; fileRef = F90B2E2B2B7426C4009FA07D /* Mulish-ExtraLightItalic.ttf */; };
		F90B2E3C2B7426C4009FA07D /* Mulish-Bold.ttf in Resources */ = {isa = PBXBuildFile; fileRef = F90B2E2C2B7426C4009FA07D /* Mulish-Bold.ttf */; };
		F90B2E3D2B7426C4009FA07D /* Mulish-ExtraBold.ttf in Resources */ = {isa = PBXBuildFile; fileRef = F90B2E2D2B7426C4009FA07D /* Mulish-ExtraBold.ttf */; };
		F90B2E3E2B7426C4009FA07D /* Mulish-LightItalic.ttf in Resources */ = {isa = PBXBuildFile; fileRef = F90B2E2E2B7426C4009FA07D /* Mulish-LightItalic.ttf */; };
		F90B2E3F2B7426C4009FA07D /* Mulish-BoldItalic.ttf in Resources */ = {isa = PBXBuildFile; fileRef = F90B2E2F2B7426C4009FA07D /* Mulish-BoldItalic.ttf */; };
		F90B2E402B7426C4009FA07D /* Mulish-ExtraBoldItalic.ttf in Resources */ = {isa = PBXBuildFile; fileRef = F90B2E302B7426C4009FA07D /* Mulish-ExtraBoldItalic.ttf */; };
		F90B2E412B7426C4009FA07D /* Mulish-Medium.ttf in Resources */ = {isa = PBXBuildFile; fileRef = F90B2E312B7426C4009FA07D /* Mulish-Medium.ttf */; };
		F90B2E422B7426C4009FA07D /* Mulish-ExtraLight.ttf in Resources */ = {isa = PBXBuildFile; fileRef = F90B2E322B7426C4009FA07D /* Mulish-ExtraLight.ttf */; };
		F90B2E432B7426C4009FA07D /* Mulish-MediumItalic.ttf in Resources */ = {isa = PBXBuildFile; fileRef = F90B2E332B7426C4009FA07D /* Mulish-MediumItalic.ttf */; };
		F90B2E442B7426C4009FA07D /* Mulish-Black.ttf in Resources */ = {isa = PBXBuildFile; fileRef = F90B2E342B7426C4009FA07D /* Mulish-Black.ttf */; };
		F90B2E452B7426C4009FA07D /* Mulish-Light.ttf in Resources */ = {isa = PBXBuildFile; fileRef = F90B2E352B7426C4009FA07D /* Mulish-Light.ttf */; };
		F90B2E462B7426C4009FA07D /* Mulish-Regular.ttf in Resources */ = {isa = PBXBuildFile; fileRef = F90B2E362B7426C4009FA07D /* Mulish-Regular.ttf */; };
		F90B2E4A2B742BF9009FA07D /* CustomModalViewModel.swift in Sources */ = {isa = PBXBuildFile; fileRef = F90B2E492B742BF9009FA07D /* CustomModalViewModel.swift */; };
		F90B2E4D2B742CEE009FA07D /* RoundedCorners.swift in Sources */ = {isa = PBXBuildFile; fileRef = F90B2E4C2B742CEE009FA07D /* RoundedCorners.swift */; };
		F90B2E502B742E2C009FA07D /* CustomTextFieldViewModel.swift in Sources */ = {isa = PBXBuildFile; fileRef = F90B2E4F2B742E2C009FA07D /* CustomTextFieldViewModel.swift */; };
		F929A12E2B725FFD008C810C /* StatementUolApp.swift in Sources */ = {isa = PBXBuildFile; fileRef = F929A12D2B725FFD008C810C /* StatementUolApp.swift */; };
		F929A1302B725FFD008C810C /* ContentView.swift in Sources */ = {isa = PBXBuildFile; fileRef = F929A12F2B725FFD008C810C /* ContentView.swift */; };
		F929A1322B725FFE008C810C /* Assets.xcassets in Resources */ = {isa = PBXBuildFile; fileRef = F929A1312B725FFE008C810C /* Assets.xcassets */; };
		F929A1352B725FFE008C810C /* Preview Assets.xcassets in Resources */ = {isa = PBXBuildFile; fileRef = F929A1342B725FFE008C810C /* Preview Assets.xcassets */; };
		F929A1402B726400008C810C /* SplashScreen.storyboard in Resources */ = {isa = PBXBuildFile; fileRef = F929A13F2B726400008C810C /* SplashScreen.storyboard */; };
		F929A1422B726C2B008C810C /* CreateAccountView.swift in Sources */ = {isa = PBXBuildFile; fileRef = F929A1412B726C2B008C810C /* CreateAccountView.swift */; };
		F929A1452B727169008C810C /* CustomModal.swift in Sources */ = {isa = PBXBuildFile; fileRef = F929A1442B727169008C810C /* CustomModal.swift */; };
		F929A1472B72C0CD008C810C /* CustomTextField.swift in Sources */ = {isa = PBXBuildFile; fileRef = F929A1462B72C0CD008C810C /* CustomTextField.swift */; };
		F929A1492B72C7DC008C810C /* PrimaryButton.swift in Sources */ = {isa = PBXBuildFile; fileRef = F929A1482B72C7DC008C810C /* PrimaryButton.swift */; };
		F9F0DFDB2B7CFCBA0039ACE9 /* SignInModal.swift in Sources */ = {isa = PBXBuildFile; fileRef = F9F0DFDA2B7CFCBA0039ACE9 /* SignInModal.swift */; };
/* End PBXBuildFile section */

/* Begin PBXFileReference section */
		F90B2E232B7426A7009FA07D /* Mulish-VariableFont_wght.ttf */ = {isa = PBXFileReference; lastKnownFileType = file; path = "Mulish-VariableFont_wght.ttf"; sourceTree = "<group>"; };
		F90B2E242B7426A7009FA07D /* Mulish-Italic-VariableFont_wght.ttf */ = {isa = PBXFileReference; lastKnownFileType = file; path = "Mulish-Italic-VariableFont_wght.ttf"; sourceTree = "<group>"; };
		F90B2E272B7426C4009FA07D /* Mulish-Italic.ttf */ = {isa = PBXFileReference; lastKnownFileType = file; path = "Mulish-Italic.ttf"; sourceTree = "<group>"; };
		F90B2E282B7426C4009FA07D /* Mulish-SemiBold.ttf */ = {isa = PBXFileReference; lastKnownFileType = file; path = "Mulish-SemiBold.ttf"; sourceTree = "<group>"; };
		F90B2E292B7426C4009FA07D /* Mulish-SemiBoldItalic.ttf */ = {isa = PBXFileReference; lastKnownFileType = file; path = "Mulish-SemiBoldItalic.ttf"; sourceTree = "<group>"; };
		F90B2E2A2B7426C4009FA07D /* Mulish-BlackItalic.ttf */ = {isa = PBXFileReference; lastKnownFileType = file; path = "Mulish-BlackItalic.ttf"; sourceTree = "<group>"; };
		F90B2E2B2B7426C4009FA07D /* Mulish-ExtraLightItalic.ttf */ = {isa = PBXFileReference; lastKnownFileType = file; path = "Mulish-ExtraLightItalic.ttf"; sourceTree = "<group>"; };
		F90B2E2C2B7426C4009FA07D /* Mulish-Bold.ttf */ = {isa = PBXFileReference; lastKnownFileType = file; path = "Mulish-Bold.ttf"; sourceTree = "<group>"; };
		F90B2E2D2B7426C4009FA07D /* Mulish-ExtraBold.ttf */ = {isa = PBXFileReference; lastKnownFileType = file; path = "Mulish-ExtraBold.ttf"; sourceTree = "<group>"; };
		F90B2E2E2B7426C4009FA07D /* Mulish-LightItalic.ttf */ = {isa = PBXFileReference; lastKnownFileType = file; path = "Mulish-LightItalic.ttf"; sourceTree = "<group>"; };
		F90B2E2F2B7426C4009FA07D /* Mulish-BoldItalic.ttf */ = {isa = PBXFileReference; lastKnownFileType = file; path = "Mulish-BoldItalic.ttf"; sourceTree = "<group>"; };
		F90B2E302B7426C4009FA07D /* Mulish-ExtraBoldItalic.ttf */ = {isa = PBXFileReference; lastKnownFileType = file; path = "Mulish-ExtraBoldItalic.ttf"; sourceTree = "<group>"; };
		F90B2E312B7426C4009FA07D /* Mulish-Medium.ttf */ = {isa = PBXFileReference; lastKnownFileType = file; path = "Mulish-Medium.ttf"; sourceTree = "<group>"; };
		F90B2E322B7426C4009FA07D /* Mulish-ExtraLight.ttf */ = {isa = PBXFileReference; lastKnownFileType = file; path = "Mulish-ExtraLight.ttf"; sourceTree = "<group>"; };
		F90B2E332B7426C4009FA07D /* Mulish-MediumItalic.ttf */ = {isa = PBXFileReference; lastKnownFileType = file; path = "Mulish-MediumItalic.ttf"; sourceTree = "<group>"; };
		F90B2E342B7426C4009FA07D /* Mulish-Black.ttf */ = {isa = PBXFileReference; lastKnownFileType = file; path = "Mulish-Black.ttf"; sourceTree = "<group>"; };
		F90B2E352B7426C4009FA07D /* Mulish-Light.ttf */ = {isa = PBXFileReference; lastKnownFileType = file; path = "Mulish-Light.ttf"; sourceTree = "<group>"; };
		F90B2E362B7426C4009FA07D /* Mulish-Regular.ttf */ = {isa = PBXFileReference; lastKnownFileType = file; path = "Mulish-Regular.ttf"; sourceTree = "<group>"; };
		F90B2E492B742BF9009FA07D /* CustomModalViewModel.swift */ = {isa = PBXFileReference; lastKnownFileType = sourcecode.swift; path = CustomModalViewModel.swift; sourceTree = "<group>"; };
		F90B2E4C2B742CEE009FA07D /* RoundedCorners.swift */ = {isa = PBXFileReference; lastKnownFileType = sourcecode.swift; path = RoundedCorners.swift; sourceTree = "<group>"; };
		F90B2E4F2B742E2C009FA07D /* CustomTextFieldViewModel.swift */ = {isa = PBXFileReference; lastKnownFileType = sourcecode.swift; path = CustomTextFieldViewModel.swift; sourceTree = "<group>"; };
		F929A12A2B725FFD008C810C /* StatementUol.app */ = {isa = PBXFileReference; explicitFileType = wrapper.application; includeInIndex = 0; path = StatementUol.app; sourceTree = BUILT_PRODUCTS_DIR; };
		F929A12D2B725FFD008C810C /* StatementUolApp.swift */ = {isa = PBXFileReference; lastKnownFileType = sourcecode.swift; path = StatementUolApp.swift; sourceTree = "<group>"; };
		F929A12F2B725FFD008C810C /* ContentView.swift */ = {isa = PBXFileReference; lastKnownFileType = sourcecode.swift; path = ContentView.swift; sourceTree = "<group>"; };
		F929A1312B725FFE008C810C /* Assets.xcassets */ = {isa = PBXFileReference; lastKnownFileType = folder.assetcatalog; path = Assets.xcassets; sourceTree = "<group>"; };
		F929A1342B725FFE008C810C /* Preview Assets.xcassets */ = {isa = PBXFileReference; lastKnownFileType = folder.assetcatalog; path = "Preview Assets.xcassets"; sourceTree = "<group>"; };
		F929A13F2B726400008C810C /* SplashScreen.storyboard */ = {isa = PBXFileReference; lastKnownFileType = file.storyboard; path = SplashScreen.storyboard; sourceTree = "<group>"; };
		F929A1412B726C2B008C810C /* CreateAccountView.swift */ = {isa = PBXFileReference; lastKnownFileType = sourcecode.swift; path = CreateAccountView.swift; sourceTree = "<group>"; };
		F929A1442B727169008C810C /* CustomModal.swift */ = {isa = PBXFileReference; lastKnownFileType = sourcecode.swift; path = CustomModal.swift; sourceTree = "<group>"; };
		F929A1462B72C0CD008C810C /* CustomTextField.swift */ = {isa = PBXFileReference; lastKnownFileType = sourcecode.swift; path = CustomTextField.swift; sourceTree = "<group>"; };
		F929A1482B72C7DC008C810C /* PrimaryButton.swift */ = {isa = PBXFileReference; lastKnownFileType = sourcecode.swift; path = PrimaryButton.swift; sourceTree = "<group>"; };
		F9F0DFDA2B7CFCBA0039ACE9 /* SignInModal.swift */ = {isa = PBXFileReference; lastKnownFileType = sourcecode.swift; path = SignInModal.swift; sourceTree = "<group>"; };
/* End PBXFileReference section */

/* Begin PBXFrameworksBuildPhase section */
		F929A1272B725FFD008C810C /* Frameworks */ = {
			isa = PBXFrameworksBuildPhase;
			buildActionMask = 2147483647;
			files = (
			);
			runOnlyForDeploymentPostprocessing = 0;
		};
/* End PBXFrameworksBuildPhase section */

/* Begin PBXGroup section */
		F90B2E4B2B742CAC009FA07D /* Utils */ = {
			isa = PBXGroup;
			children = (
				F90B2E4C2B742CEE009FA07D /* RoundedCorners.swift */,
			);
			path = Utils;
			sourceTree = "<group>";
		};
		F90B2E4E2B742D52009FA07D /* Fonts */ = {
			isa = PBXGroup;
			children = (
				F90B2E342B7426C4009FA07D /* Mulish-Black.ttf */,
				F90B2E2A2B7426C4009FA07D /* Mulish-BlackItalic.ttf */,
				F90B2E2C2B7426C4009FA07D /* Mulish-Bold.ttf */,
				F90B2E2F2B7426C4009FA07D /* Mulish-BoldItalic.ttf */,
				F90B2E2D2B7426C4009FA07D /* Mulish-ExtraBold.ttf */,
				F90B2E302B7426C4009FA07D /* Mulish-ExtraBoldItalic.ttf */,
				F90B2E332B7426C4009FA07D /* Mulish-MediumItalic.ttf */,
				F90B2E362B7426C4009FA07D /* Mulish-Regular.ttf */,
				F90B2E282B7426C4009FA07D /* Mulish-SemiBold.ttf */,
				F90B2E292B7426C4009FA07D /* Mulish-SemiBoldItalic.ttf */,
				F90B2E242B7426A7009FA07D /* Mulish-Italic-VariableFont_wght.ttf */,
				F90B2E232B7426A7009FA07D /* Mulish-VariableFont_wght.ttf */,
				F90B2E322B7426C4009FA07D /* Mulish-ExtraLight.ttf */,
				F90B2E2B2B7426C4009FA07D /* Mulish-ExtraLightItalic.ttf */,
				F90B2E272B7426C4009FA07D /* Mulish-Italic.ttf */,
				F90B2E352B7426C4009FA07D /* Mulish-Light.ttf */,
				F90B2E2E2B7426C4009FA07D /* Mulish-LightItalic.ttf */,
				F90B2E312B7426C4009FA07D /* Mulish-Medium.ttf */,
			);
			name = Fonts;
			path = ..;
			sourceTree = "<group>";
		};
		F929A1212B725FFD008C810C = {
			isa = PBXGroup;
			children = (
				F929A12C2B725FFD008C810C /* StatementUol */,
				F929A12B2B725FFD008C810C /* Products */,
			);
			sourceTree = "<group>";
		};
		F929A12B2B725FFD008C810C /* Products */ = {
			isa = PBXGroup;
			children = (
				F929A12A2B725FFD008C810C /* StatementUol.app */,
			);
			name = Products;
			sourceTree = "<group>";
		};
		F929A12C2B725FFD008C810C /* StatementUol */ = {
			isa = PBXGroup;
			children = (
				F90B2E4E2B742D52009FA07D /* Fonts */,
				F929A13B2B7261EE008C810C /* App */,
				F929A12D2B725FFD008C810C /* StatementUolApp.swift */,
				F929A1312B725FFE008C810C /* Assets.xcassets */,
				F929A1332B725FFE008C810C /* Preview Content */,
			);
			path = StatementUol;
			sourceTree = "<group>";
		};
		F929A1332B725FFE008C810C /* Preview Content */ = {
			isa = PBXGroup;
			children = (
				F929A1342B725FFE008C810C /* Preview Assets.xcassets */,
			);
			path = "Preview Content";
			sourceTree = "<group>";
		};
		F929A13B2B7261EE008C810C /* App */ = {
			isa = PBXGroup;
			children = (
				F90B2E4B2B742CAC009FA07D /* Utils */,
				F929A13D2B726206008C810C /* Models */,
				F929A13C2B7261FD008C810C /* Views */,
				F929A13E2B72625E008C810C /* ViewModels */,
			);
			path = App;
			sourceTree = "<group>";
		};
		F929A13C2B7261FD008C810C /* Views */ = {
			isa = PBXGroup;
			children = (
				F929A1432B72713B008C810C /* Components */,
				F929A12F2B725FFD008C810C /* ContentView.swift */,
				F929A13F2B726400008C810C /* SplashScreen.storyboard */,
				F929A1412B726C2B008C810C /* CreateAccountView.swift */,
			);
			path = Views;
			sourceTree = "<group>";
		};
		F929A13D2B726206008C810C /* Models */ = {
			isa = PBXGroup;
			children = (
			);
			path = Models;
			sourceTree = "<group>";
		};
		F929A13E2B72625E008C810C /* ViewModels */ = {
			isa = PBXGroup;
			children = (
				F90B2E492B742BF9009FA07D /* CustomModalViewModel.swift */,
				F90B2E4F2B742E2C009FA07D /* CustomTextFieldViewModel.swift */,
			);
			path = ViewModels;
			sourceTree = "<group>";
		};
		F929A1432B72713B008C810C /* Components */ = {
			isa = PBXGroup;
			children = (
				F929A1442B727169008C810C /* CustomModal.swift */,
				F929A1462B72C0CD008C810C /* CustomTextField.swift */,
				F929A1482B72C7DC008C810C /* PrimaryButton.swift */,
				F9F0DFDA2B7CFCBA0039ACE9 /* SignInModal.swift */,
			);
			path = Components;
			sourceTree = "<group>";
		};
/* End PBXGroup section */

/* Begin PBXNativeTarget section */
		F929A1292B725FFD008C810C /* StatementUol */ = {
			isa = PBXNativeTarget;
			buildConfigurationList = F929A1382B725FFE008C810C /* Build configuration list for PBXNativeTarget "StatementUol" */;
			buildPhases = (
				F929A1262B725FFD008C810C /* Sources */,
				F929A1272B725FFD008C810C /* Frameworks */,
				F929A1282B725FFD008C810C /* Resources */,
			);
			buildRules = (
			);
			dependencies = (
			);
			name = StatementUol;
			productName = StatementUol;
			productReference = F929A12A2B725FFD008C810C /* StatementUol.app */;
			productType = "com.apple.product-type.application";
		};
/* End PBXNativeTarget section */

/* Begin PBXProject section */
		F929A1222B725FFD008C810C /* Project object */ = {
			isa = PBXProject;
			attributes = {
				BuildIndependentTargetsInParallel = 1;
				LastSwiftUpdateCheck = 1410;
				LastUpgradeCheck = 1410;
				TargetAttributes = {
					F929A1292B725FFD008C810C = {
						CreatedOnToolsVersion = 14.1;
					};
				};
			};
			buildConfigurationList = F929A1252B725FFD008C810C /* Build configuration list for PBXProject "StatementUol" */;
			compatibilityVersion = "Xcode 14.0";
			developmentRegion = en;
			hasScannedForEncodings = 0;
			knownRegions = (
				en,
				Base,
			);
			mainGroup = F929A1212B725FFD008C810C;
			productRefGroup = F929A12B2B725FFD008C810C /* Products */;
			projectDirPath = "";
			projectRoot = "";
			targets = (
				F929A1292B725FFD008C810C /* StatementUol */,
			);
		};
/* End PBXProject section */

/* Begin PBXResourcesBuildPhase section */
		F929A1282B725FFD008C810C /* Resources */ = {
			isa = PBXResourcesBuildPhase;
			buildActionMask = 2147483647;
			files = (
				F90B2E372B7426C4009FA07D /* Mulish-Italic.ttf in Resources */,
				F90B2E382B7426C4009FA07D /* Mulish-SemiBold.ttf in Resources */,
				F90B2E392B7426C4009FA07D /* Mulish-SemiBoldItalic.ttf in Resources */,
				F90B2E3A2B7426C4009FA07D /* Mulish-BlackItalic.ttf in Resources */,
				F90B2E3B2B7426C4009FA07D /* Mulish-ExtraLightItalic.ttf in Resources */,
				F90B2E3C2B7426C4009FA07D /* Mulish-Bold.ttf in Resources */,
				F90B2E3D2B7426C4009FA07D /* Mulish-ExtraBold.ttf in Resources */,
				F90B2E3E2B7426C4009FA07D /* Mulish-LightItalic.ttf in Resources */,
				F90B2E3F2B7426C4009FA07D /* Mulish-BoldItalic.ttf in Resources */,
				F90B2E402B7426C4009FA07D /* Mulish-ExtraBoldItalic.ttf in Resources */,
				F90B2E412B7426C4009FA07D /* Mulish-Medium.ttf in Resources */,
				F90B2E422B7426C4009FA07D /* Mulish-ExtraLight.ttf in Resources */,
				F90B2E432B7426C4009FA07D /* Mulish-MediumItalic.ttf in Resources */,
				F90B2E442B7426C4009FA07D /* Mulish-Black.ttf in Resources */,
				F90B2E452B7426C4009FA07D /* Mulish-Light.ttf in Resources */,
				F90B2E462B7426C4009FA07D /* Mulish-Regular.ttf in Resources */,
				F90B2E252B7426A7009FA07D /* Mulish-VariableFont_wght.ttf in Resources */,
				F90B2E262B7426A7009FA07D /* Mulish-Italic-VariableFont_wght.ttf in Resources */,
				F929A1352B725FFE008C810C /* Preview Assets.xcassets in Resources */,
				F929A1402B726400008C810C /* SplashScreen.storyboard in Resources */,
				F929A1322B725FFE008C810C /* Assets.xcassets in Resources */,
			);
			runOnlyForDeploymentPostprocessing = 0;
		};
/* End PBXResourcesBuildPhase section */

/* Begin PBXSourcesBuildPhase section */
		F929A1262B725FFD008C810C /* Sources */ = {
			isa = PBXSourcesBuildPhase;
			buildActionMask = 2147483647;
			files = (
				F929A1492B72C7DC008C810C /* PrimaryButton.swift in Sources */,
				F929A1452B727169008C810C /* CustomModal.swift in Sources */,
				F929A1422B726C2B008C810C /* CreateAccountView.swift in Sources */,
				F90B2E502B742E2C009FA07D /* CustomTextFieldViewModel.swift in Sources */,
				F929A1302B725FFD008C810C /* ContentView.swift in Sources */,
				F90B2E4D2B742CEE009FA07D /* RoundedCorners.swift in Sources */,
				F929A12E2B725FFD008C810C /* StatementUolApp.swift in Sources */,
				F9F0DFDB2B7CFCBA0039ACE9 /* SignInModal.swift in Sources */,
				F929A1472B72C0CD008C810C /* CustomTextField.swift in Sources */,
				F90B2E4A2B742BF9009FA07D /* CustomModalViewModel.swift in Sources */,
			);
			runOnlyForDeploymentPostprocessing = 0;
		};
/* End PBXSourcesBuildPhase section */

/* Begin XCBuildConfiguration section */
		F929A1362B725FFE008C810C /* Debug */ = {
			isa = XCBuildConfiguration;
			buildSettings = {
				ALWAYS_SEARCH_USER_PATHS = NO;
				CLANG_ANALYZER_NONNULL = YES;
				CLANG_ANALYZER_NUMBER_OBJECT_CONVERSION = YES_AGGRESSIVE;
				CLANG_CXX_LANGUAGE_STANDARD = "gnu++20";
				CLANG_ENABLE_MODULES = YES;
				CLANG_ENABLE_OBJC_ARC = YES;
				CLANG_ENABLE_OBJC_WEAK = YES;
				CLANG_WARN_BLOCK_CAPTURE_AUTORELEASING = YES;
				CLANG_WARN_BOOL_CONVERSION = YES;
				CLANG_WARN_COMMA = YES;
				CLANG_WARN_CONSTANT_CONVERSION = YES;
				CLANG_WARN_DEPRECATED_OBJC_IMPLEMENTATIONS = YES;
				CLANG_WARN_DIRECT_OBJC_ISA_USAGE = YES_ERROR;
				CLANG_WARN_DOCUMENTATION_COMMENTS = YES;
				CLANG_WARN_EMPTY_BODY = YES;
				CLANG_WARN_ENUM_CONVERSION = YES;
				CLANG_WARN_INFINITE_RECURSION = YES;
				CLANG_WARN_INT_CONVERSION = YES;
				CLANG_WARN_NON_LITERAL_NULL_CONVERSION = YES;
				CLANG_WARN_OBJC_IMPLICIT_RETAIN_SELF = YES;
				CLANG_WARN_OBJC_LITERAL_CONVERSION = YES;
				CLANG_WARN_OBJC_ROOT_CLASS = YES_ERROR;
				CLANG_WARN_QUOTED_INCLUDE_IN_FRAMEWORK_HEADER = YES;
				CLANG_WARN_RANGE_LOOP_ANALYSIS = YES;
				CLANG_WARN_STRICT_PROTOTYPES = YES;
				CLANG_WARN_SUSPICIOUS_MOVE = YES;
				CLANG_WARN_UNGUARDED_AVAILABILITY = YES_AGGRESSIVE;
				CLANG_WARN_UNREACHABLE_CODE = YES;
				CLANG_WARN__DUPLICATE_METHOD_MATCH = YES;
				COPY_PHASE_STRIP = NO;
				DEBUG_INFORMATION_FORMAT = dwarf;
				ENABLE_STRICT_OBJC_MSGSEND = YES;
				ENABLE_TESTABILITY = YES;
				GCC_C_LANGUAGE_STANDARD = gnu11;
				GCC_DYNAMIC_NO_PIC = NO;
				GCC_NO_COMMON_BLOCKS = YES;
				GCC_OPTIMIZATION_LEVEL = 0;
				GCC_PREPROCESSOR_DEFINITIONS = (
					"DEBUG=1",
					"$(inherited)",
				);
				GCC_WARN_64_TO_32_BIT_CONVERSION = YES;
				GCC_WARN_ABOUT_RETURN_TYPE = YES_ERROR;
				GCC_WARN_UNDECLARED_SELECTOR = YES;
				GCC_WARN_UNINITIALIZED_AUTOS = YES_AGGRESSIVE;
				GCC_WARN_UNUSED_FUNCTION = YES;
				GCC_WARN_UNUSED_VARIABLE = YES;
				IPHONEOS_DEPLOYMENT_TARGET = 16.1;
				MTL_ENABLE_DEBUG_INFO = INCLUDE_SOURCE;
				MTL_FAST_MATH = YES;
				ONLY_ACTIVE_ARCH = YES;
				SDKROOT = iphoneos;
				SWIFT_ACTIVE_COMPILATION_CONDITIONS = DEBUG;
				SWIFT_OPTIMIZATION_LEVEL = "-Onone";
			};
			name = Debug;
		};
		F929A1372B725FFE008C810C /* Release */ = {
			isa = XCBuildConfiguration;
			buildSettings = {
				ALWAYS_SEARCH_USER_PATHS = NO;
				CLANG_ANALYZER_NONNULL = YES;
				CLANG_ANALYZER_NUMBER_OBJECT_CONVERSION = YES_AGGRESSIVE;
				CLANG_CXX_LANGUAGE_STANDARD = "gnu++20";
				CLANG_ENABLE_MODULES = YES;
				CLANG_ENABLE_OBJC_ARC = YES;
				CLANG_ENABLE_OBJC_WEAK = YES;
				CLANG_WARN_BLOCK_CAPTURE_AUTORELEASING = YES;
				CLANG_WARN_BOOL_CONVERSION = YES;
				CLANG_WARN_COMMA = YES;
				CLANG_WARN_CONSTANT_CONVERSION = YES;
				CLANG_WARN_DEPRECATED_OBJC_IMPLEMENTATIONS = YES;
				CLANG_WARN_DIRECT_OBJC_ISA_USAGE = YES_ERROR;
				CLANG_WARN_DOCUMENTATION_COMMENTS = YES;
				CLANG_WARN_EMPTY_BODY = YES;
				CLANG_WARN_ENUM_CONVERSION = YES;
				CLANG_WARN_INFINITE_RECURSION = YES;
				CLANG_WARN_INT_CONVERSION = YES;
				CLANG_WARN_NON_LITERAL_NULL_CONVERSION = YES;
				CLANG_WARN_OBJC_IMPLICIT_RETAIN_SELF = YES;
				CLANG_WARN_OBJC_LITERAL_CONVERSION = YES;
				CLANG_WARN_OBJC_ROOT_CLASS = YES_ERROR;
				CLANG_WARN_QUOTED_INCLUDE_IN_FRAMEWORK_HEADER = YES;
				CLANG_WARN_RANGE_LOOP_ANALYSIS = YES;
				CLANG_WARN_STRICT_PROTOTYPES = YES;
				CLANG_WARN_SUSPICIOUS_MOVE = YES;
				CLANG_WARN_UNGUARDED_AVAILABILITY = YES_AGGRESSIVE;
				CLANG_WARN_UNREACHABLE_CODE = YES;
				CLANG_WARN__DUPLICATE_METHOD_MATCH = YES;
				COPY_PHASE_STRIP = NO;
				DEBUG_INFORMATION_FORMAT = "dwarf-with-dsym";
				ENABLE_NS_ASSERTIONS = NO;
				ENABLE_STRICT_OBJC_MSGSEND = YES;
				GCC_C_LANGUAGE_STANDARD = gnu11;
				GCC_NO_COMMON_BLOCKS = YES;
				GCC_WARN_64_TO_32_BIT_CONVERSION = YES;
				GCC_WARN_ABOUT_RETURN_TYPE = YES_ERROR;
				GCC_WARN_UNDECLARED_SELECTOR = YES;
				GCC_WARN_UNINITIALIZED_AUTOS = YES_AGGRESSIVE;
				GCC_WARN_UNUSED_FUNCTION = YES;
				GCC_WARN_UNUSED_VARIABLE = YES;
				IPHONEOS_DEPLOYMENT_TARGET = 16.1;
				MTL_ENABLE_DEBUG_INFO = NO;
				MTL_FAST_MATH = YES;
				SDKROOT = iphoneos;
				SWIFT_COMPILATION_MODE = wholemodule;
				SWIFT_OPTIMIZATION_LEVEL = "-O";
				VALIDATE_PRODUCT = YES;
			};
			name = Release;
		};
		F929A1392B725FFE008C810C /* Debug */ = {
			isa = XCBuildConfiguration;
			buildSettings = {
				ASSETCATALOG_COMPILER_APPICON_NAME = AppIcon;
				ASSETCATALOG_COMPILER_GLOBAL_ACCENT_COLOR_NAME = AccentColor;
				CODE_SIGN_STYLE = Automatic;
				CURRENT_PROJECT_VERSION = 1;
				DEVELOPMENT_ASSET_PATHS = "\"StatementUol/Preview Content\"";
				DEVELOPMENT_TEAM = V5644P74A6;
				ENABLE_PREVIEWS = YES;
				GENERATE_INFOPLIST_FILE = YES;
				INFOPLIST_KEY_UIApplicationSceneManifest_Generation = YES;
				INFOPLIST_KEY_UIApplicationSupportsIndirectInputEvents = YES;
				INFOPLIST_KEY_UILaunchScreen_Generation = YES;
				INFOPLIST_KEY_UILaunchStoryboardName = SplashScreen.storyboard;
				INFOPLIST_KEY_UISupportedInterfaceOrientations_iPad = "UIInterfaceOrientationPortrait UIInterfaceOrientationPortraitUpsideDown UIInterfaceOrientationLandscapeLeft UIInterfaceOrientationLandscapeRight";
				INFOPLIST_KEY_UISupportedInterfaceOrientations_iPhone = "UIInterfaceOrientationPortrait UIInterfaceOrientationLandscapeLeft UIInterfaceOrientationLandscapeRight";
				LD_RUNPATH_SEARCH_PATHS = (
					"$(inherited)",
					"@executable_path/Frameworks",
				);
				MARKETING_VERSION = 1.0;
				PRODUCT_BUNDLE_IDENTIFIER = welliton.StatementUol;
				PRODUCT_NAME = "$(TARGET_NAME)";
				SWIFT_EMIT_LOC_STRINGS = YES;
				SWIFT_VERSION = 5.0;
				TARGETED_DEVICE_FAMILY = "1,2";
			};
			name = Debug;
		};
		F929A13A2B725FFE008C810C /* Release */ = {
			isa = XCBuildConfiguration;
			buildSettings = {
				ASSETCATALOG_COMPILER_APPICON_NAME = AppIcon;
				ASSETCATALOG_COMPILER_GLOBAL_ACCENT_COLOR_NAME = AccentColor;
				CODE_SIGN_STYLE = Automatic;
				CURRENT_PROJECT_VERSION = 1;
				DEVELOPMENT_ASSET_PATHS = "\"StatementUol/Preview Content\"";
				DEVELOPMENT_TEAM = V5644P74A6;
				ENABLE_PREVIEWS = YES;
				GENERATE_INFOPLIST_FILE = YES;
				INFOPLIST_KEY_UIApplicationSceneManifest_Generation = YES;
				INFOPLIST_KEY_UIApplicationSupportsIndirectInputEvents = YES;
				INFOPLIST_KEY_UILaunchScreen_Generation = YES;
				INFOPLIST_KEY_UILaunchStoryboardName = SplashScreen.storyboard;
				INFOPLIST_KEY_UISupportedInterfaceOrientations_iPad = "UIInterfaceOrientationPortrait UIInterfaceOrientationPortraitUpsideDown UIInterfaceOrientationLandscapeLeft UIInterfaceOrientationLandscapeRight";
				INFOPLIST_KEY_UISupportedInterfaceOrientations_iPhone = "UIInterfaceOrientationPortrait UIInterfaceOrientationLandscapeLeft UIInterfaceOrientationLandscapeRight";
				LD_RUNPATH_SEARCH_PATHS = (
					"$(inherited)",
					"@executable_path/Frameworks",
				);
				MARKETING_VERSION = 1.0;
				PRODUCT_BUNDLE_IDENTIFIER = welliton.StatementUol;
				PRODUCT_NAME = "$(TARGET_NAME)";
				SWIFT_EMIT_LOC_STRINGS = YES;
				SWIFT_VERSION = 5.0;
				TARGETED_DEVICE_FAMILY = "1,2";
			};
			name = Release;
		};
/* End XCBuildConfiguration section */

/* Begin XCConfigurationList section */
		F929A1252B725FFD008C810C /* Build configuration list for PBXProject "StatementUol" */ = {
			isa = XCConfigurationList;
			buildConfigurations = (
				F929A1362B725FFE008C810C /* Debug */,
				F929A1372B725FFE008C810C /* Release */,
			);
			defaultConfigurationIsVisible = 0;
			defaultConfigurationName = Release;
		};
		F929A1382B725FFE008C810C /* Build configuration list for PBXNativeTarget "StatementUol" */ = {
			isa = XCConfigurationList;
			buildConfigurations = (
				F929A1392B725FFE008C810C /* Debug */,
				F929A13A2B725FFE008C810C /* Release */,
			);
			defaultConfigurationIsVisible = 0;
			defaultConfigurationName = Release;
		};
/* End XCConfigurationList section */
	};
	rootObject = F929A1222B725FFD008C810C /* Project object */;
}
